
Microsoft Visual Studio Solution File, Format Version 12.00
# Visual Studio Version 16
VisualStudioVersion = 16.0.30128.74
MinimumVisualStudioVersion = 10.0.40219.1
Project("{FAE04EC0-301F-11D3-BF4B-00C04F79EFBC}") = "HuynhNhatKhang- Bigschool", "HuynhNhatKhang- Bigschool.csproj", "{457C1929-459A-43FA-91A9-6CDD5FA7CC6C}"
EndProject
Global
	GlobalSection(SolutionConfigurationPlatforms) = preSolution
		Debug|Any CPU = Debug|Any CPU
		Release|Any CPU = Release|Any CPU
	EndGlobalSection
	GlobalSection(ProjectConfigurationPlatforms) = postSolution
		{457C1929-459A-43FA-91A9-6CDD5FA7CC6C}.Debug|Any CPU.ActiveCfg = Debug|Any CPU
		{457C1929-459A-43FA-91A9-6CDD5FA7CC6C}.Debug|Any CPU.Build.0 = Debug|Any CPU
		{457C1929-459A-43FA-91A9-6CDD5FA7CC6C}.Release|Any CPU.ActiveCfg = Release|Any CPU
		{457C1929-459A-43FA-91A9-6CDD5FA7CC6C}.Release|Any CPU.Build.0 = Release|Any CPU
	EndGlobalSection
	GlobalSection(SolutionProperties) = preSolution
		HideSolutionNode = FALSE
	EndGlobalSection
	GlobalSection(ExtensibilityGlobals) = postSolution
		SolutionGuid = {4E436809-B900-438D-A5AC-874EDC716D73}
	EndGlobalSection
EndGlobal
